// !$*UTF8*$!
{
	archiveVersion = 1;
	classes = {
	};
	objectVersion = 46;
	objects = {

/* Begin PBXBuildFile section */
		9386E6DA1739D71300022419 /* UIKit.framework in Frameworks */ = {isa = PBXBuildFile; fileRef = 9386E6D91739D71300022419 /* UIKit.framework */; };
		9386E6DC1739D71300022419 /* Foundation.framework in Frameworks */ = {isa = PBXBuildFile; fileRef = 9386E6DB1739D71300022419 /* Foundation.framework */; };
		9386E6DE1739D71300022419 /* CoreGraphics.framework in Frameworks */ = {isa = PBXBuildFile; fileRef = 9386E6DD1739D71300022419 /* CoreGraphics.framework */; };
		9386E6E41739D71400022419 /* InfoPlist.strings in Resources */ = {isa = PBXBuildFile; fileRef = 9386E6E21739D71400022419 /* InfoPlist.strings */; };
		9386E6E61739D71400022419 /* main.m in Sources */ = {isa = PBXBuildFile; fileRef = 9386E6E51739D71400022419 /* main.m */; };
		9386E6EA1739D71400022419 /* AppDelegate.m in Sources */ = {isa = PBXBuildFile; fileRef = 9386E6E91739D71400022419 /* AppDelegate.m */; };
		9386E6EC1739D71400022419 /* Default.png in Resources */ = {isa = PBXBuildFile; fileRef = 9386E6EB1739D71400022419 /* Default.png */; };
		9386E6EE1739D71400022419 /* Default@2x.png in Resources */ = {isa = PBXBuildFile; fileRef = 9386E6ED1739D71400022419 /* Default@2x.png */; };
		9386E6F01739D71400022419 /* Default-568h@2x.png in Resources */ = {isa = PBXBuildFile; fileRef = 9386E6EF1739D71400022419 /* Default-568h@2x.png */; };
		9386E6F31739D71400022419 /* MainStoryboard.storyboard in Resources */ = {isa = PBXBuildFile; fileRef = 9386E6F11739D71400022419 /* MainStoryboard.storyboard */; };
		9386E6F61739D71400022419 /* ViewController.m in Sources */ = {isa = PBXBuildFile; fileRef = 9386E6F51739D71400022419 /* ViewController.m */; };
/* End PBXBuildFile section */

/* Begin PBXFileReference section */
		9386E6D51739D71300022419 /* LocalNotification.app */ = {isa = PBXFileReference; explicitFileType = wrapper.application; includeInIndex = 0; path = LocalNotification.app; sourceTree = BUILT_PRODUCTS_DIR; };
		9386E6D91739D71300022419 /* UIKit.framework */ = {isa = PBXFileReference; lastKnownFileType = wrapper.framework; name = UIKit.framework; path = System/Library/Frameworks/UIKit.framework; sourceTree = SDKROOT; };
		9386E6DB1739D71300022419 /* Foundation.framework */ = {isa = PBXFileReference; lastKnownFileType = wrapper.framework; name = Foundation.framework; path = System/Library/Frameworks/Foundation.framework; sourceTree = SDKROOT; };
		9386E6DD1739D71300022419 /* CoreGraphics.framework */ = {isa = PBXFileReference; lastKnownFileType = wrapper.framework; name = CoreGraphics.framework; path = System/Library/Frameworks/CoreGraphics.framework; sourceTree = SDKROOT; };
		9386E6E11739D71300022419 /* LocalNotification-Info.plist */ = {isa = PBXFileReference; lastKnownFileType = text.plist.xml; path = "LocalNotification-Info.plist"; sourceTree = "<group>"; };
		9386E6E31739D71400022419 /* en */ = {isa = PBXFileReference; lastKnownFileType = text.plist.strings; name = en; path = en.lproj/InfoPlist.strings; sourceTree = "<group>"; };
		9386E6E51739D71400022419 /* main.m */ = {isa = PBXFileReference; lastKnownFileType = sourcecode.c.objc; path = main.m; sourceTree = "<group>"; };
		9386E6E71739D71400022419 /* LocalNotification-Prefix.pch */ = {isa = PBXFileReference; lastKnownFileType = sourcecode.c.h; path = "LocalNotification-Prefix.pch"; sourceTree = "<group>"; };
		9386E6E81739D71400022419 /* AppDelegate.h */ = {isa = PBXFileReference; lastKnownFileType = sourcecode.c.h; path = AppDelegate.h; sourceTree = "<group>"; };
		9386E6E91739D71400022419 /* AppDelegate.m */ = {isa = PBXFileReference; lastKnownFileType = sourcecode.c.objc; path = AppDelegate.m; sourceTree = "<group>"; };
		9386E6EB1739D71400022419 /* Default.png */ = {isa = PBXFileReference; lastKnownFileType = image.png; path = Default.png; sourceTree = "<group>"; };
		9386E6ED1739D71400022419 /* Default@2x.png */ = {isa = PBXFileReference; lastKnownFileType = image.png; path = "Default@2x.png"; sourceTree = "<group>"; };
		9386E6EF1739D71400022419 /* Default-568h@2x.png */ = {isa = PBXFileReference; lastKnownFileType = image.png; path = "Default-568h@2x.png"; sourceTree = "<group>"; };
		9386E6F21739D71400022419 /* en */ = {isa = PBXFileReference; lastKnownFileType = file.storyboard; name = en; path = en.lproj/MainStoryboard.storyboard; sourceTree = "<group>"; };
		9386E6F41739D71400022419 /* ViewController.h */ = {isa = PBXFileReference; lastKnownFileType = sourcecode.c.h; path = ViewController.h; sourceTree = "<group>"; };
		9386E6F51739D71400022419 /* ViewController.m */ = {isa = PBXFileReference; lastKnownFileType = sourcecode.c.objc; path = ViewController.m; sourceTree = "<group>"; };
/* End PBXFileReference section */

/* Begin PBXFrameworksBuildPhase section */
		9386E6D21739D71300022419 /* Frameworks */ = {
			isa = PBXFrameworksBuildPhase;
			buildActionMask = 2147483647;
			files = (
				9386E6DA1739D71300022419 /* UIKit.framework in Frameworks */,
				9386E6DC1739D71300022419 /* Foundation.framework in Frameworks */,
				9386E6DE1739D71300022419 /* CoreGraphics.framework in Frameworks */,
			);
			runOnlyForDeploymentPostprocessing = 0;
		};
/* End PBXFrameworksBuildPhase section */

/* Begin PBXGroup section */
		9386E6CA1739D71300022419 = {
			isa = PBXGroup;
			children = (
				9386E6DF1739D71300022419 /* LocalNotification */,
				9386E6D81739D71300022419 /* Frameworks */,
				9386E6D61739D71300022419 /* Products */,
			);
			sourceTree = "<group>";
		};
		9386E6D61739D71300022419 /* Products */ = {
			isa = PBXGroup;
			children = (
				9386E6D51739D71300022419 /* LocalNotification.app */,
			);
			name = Products;
			sourceTree = "<group>";
		};
		9386E6D81739D71300022419 /* Frameworks */ = {
			isa = PBXGroup;
			children = (
				9386E6D91739D71300022419 /* UIKit.framework */,
				9386E6DB1739D71300022419 /* Foundation.framework */,
				9386E6DD1739D71300022419 /* CoreGraphics.framework */,
			);
			name = Frameworks;
			sourceTree = "<group>";
		};
		9386E6DF1739D71300022419 /* LocalNotification */ = {
			isa = PBXGroup;
			children = (
				9386E6E81739D71400022419 /* AppDelegate.h */,
				9386E6E91739D71400022419 /* AppDelegate.m */,
				9386E6F11739D71400022419 /* MainStoryboard.storyboard */,
				9386E6F41739D71400022419 /* ViewController.h */,
				9386E6F51739D71400022419 /* ViewController.m */,
				9386E6E01739D71300022419 /* Supporting Files */,
			);
			path = LocalNotification;
			sourceTree = "<group>";
		};
		9386E6E01739D71300022419 /* Supporting Files */ = {
			isa = PBXGroup;
			children = (
				9386E6E11739D71300022419 /* LocalNotification-Info.plist */,
				9386E6E21739D71400022419 /* InfoPlist.strings */,
				9386E6E51739D71400022419 /* main.m */,
				9386E6E71739D71400022419 /* LocalNotification-Prefix.pch */,
				9386E6EB1739D71400022419 /* Default.png */,
				9386E6ED1739D71400022419 /* Default@2x.png */,
				9386E6EF1739D71400022419 /* Default-568h@2x.png */,
			);
			name = "Supporting Files";
			sourceTree = "<group>";
		};
/* End PBXGroup section */

/* Begin PBXNativeTarget section */
		9386E6D41739D71300022419 /* LocalNotification */ = {
			isa = PBXNativeTarget;
			buildConfigurationList = 9386E6F91739D71400022419 /* Build configuration list for PBXNativeTarget "LocalNotification" */;
			buildPhases = (
				9386E6D11739D71300022419 /* Sources */,
				9386E6D21739D71300022419 /* Frameworks */,
				9386E6D31739D71300022419 /* Resources */,
			);
			buildRules = (
			);
			dependencies = (
			);
			name = LocalNotification;
			productName = LocalNotification;
			productReference = 9386E6D51739D71300022419 /* LocalNotification.app */;
			productType = "com.apple.product-type.application";
		};
/* End PBXNativeTarget section */

/* Begin PBXProject section */
		9386E6CC1739D71300022419 /* Project object */ = {
			isa = PBXProject;
			attributes = {
				LastUpgradeCheck = 0450;
				ORGANIZATIONNAME = Educacion;
			};
			buildConfigurationList = 9386E6CF1739D71300022419 /* Build configuration list for PBXProject "LocalNotification" */;
			compatibilityVersion = "Xcode 3.2";
			developmentRegion = English;
			hasScannedForEncodings = 0;
			knownRegions = (
				en,
			);
			mainGroup = 9386E6CA1739D71300022419;
			productRefGroup = 9386E6D61739D71300022419 /* Products */;
			projectDirPath = "";
			projectRoot = "";
			targets = (
				9386E6D41739D71300022419 /* LocalNotification */,
			);
		};
/* End PBXProject section */

/* Begin PBXResourcesBuildPhase section */
		9386E6D31739D71300022419 /* Resources */ = {
			isa = PBXResourcesBuildPhase;
			buildActionMask = 2147483647;
			files = (
				9386E6E41739D71400022419 /* InfoPlist.strings in Resources */,
				9386E6EC1739D71400022419 /* Default.png in Resources */,
				9386E6EE1739D71400022419 /* Default@2x.png in Resources */,
				9386E6F01739D71400022419 /* Default-568h@2x.png in Resources */,
				9386E6F31739D71400022419 /* MainStoryboard.storyboard in Resources */,
			);
			runOnlyForDeploymentPostprocessing = 0;
		};
/* End PBXResourcesBuildPhase section */

/* Begin PBXSourcesBuildPhase section */
		9386E6D11739D71300022419 /* Sources */ = {
			isa = PBXSourcesBuildPhase;
			buildActionMask = 2147483647;
			files = (
				9386E6E61739D71400022419 /* main.m in Sources */,
				9386E6EA1739D71400022419 /* AppDelegate.m in Sources */,
				9386E6F61739D71400022419 /* ViewController.m in Sources */,
			);
			runOnlyForDeploymentPostprocessing = 0;
		};
/* End PBXSourcesBuildPhase section */

/* Begin PBXVariantGroup section */
		9386E6E21739D71400022419 /* InfoPlist.strings */ = {
			isa = PBXVariantGroup;
			children = (
				9386E6E31739D71400022419 /* en */,
			);
			name = InfoPlist.strings;
			sourceTree = "<group>";
		};
		9386E6F11739D71400022419 /* MainStoryboard.storyboard */ = {
			isa = PBXVariantGroup;
			children = (
				9386E6F21739D71400022419 /* en */,
			);
			name = MainStoryboard.storyboard;
			sourceTree = "<group>";
		};
/* End PBXVariantGroup section */

/* Begin XCBuildConfiguration section */
		9386E6F71739D71400022419 /* Debug */ = {
			isa = XCBuildConfiguration;
			buildSettings = {
				ALWAYS_SEARCH_USER_PATHS = NO;
				CLANG_CXX_LANGUAGE_STANDARD = "gnu++0x";
				CLANG_CXX_LIBRARY = "libc++";
				CLANG_ENABLE_OBJC_ARC = YES;
				CLANG_WARN_EMPTY_BODY = YES;
				CLANG_WARN__DUPLICATE_METHOD_MATCH = YES;
				"CODE_SIGN_IDENTITY[sdk=iphoneos*]" = "iPhone Developer";
				COPY_PHASE_STRIP = NO;
				GCC_C_LANGUAGE_STANDARD = gnu99;
				GCC_DYNAMIC_NO_PIC = NO;
				GCC_OPTIMIZATION_LEVEL = 0;
				GCC_PREPROCESSOR_DEFINITIONS = (
					"DEBUG=1",
					"$(inherited)",
				);
				GCC_SYMBOLS_PRIVATE_EXTERN = NO;
				GCC_WARN_ABOUT_RETURN_TYPE = YES;
				GCC_WARN_UNINITIALIZED_AUTOS = YES;
				GCC_WARN_UNUSED_VARIABLE = YES;
				IPHONEOS_DEPLOYMENT_TARGET = 6.0;
				SDKROOT = iphoneos;
			};
			name = Debug;
		};
		9386E6F81739D71400022419 /* Release */ = {
			isa = XCBuildConfiguration;
			buildSettings = {
				ALWAYS_SEARCH_USER_PATHS = NO;
				CLANG_CXX_LANGUAGE_STANDARD = "gnu++0x";
				CLANG_CXX_LIBRARY = "libc++";
				CLANG_ENABLE_OBJC_ARC = YES;
				CLANG_WARN_EMPTY_BODY = YES;
				CLANG_WARN__DUPLICATE_METHOD_MATCH = YES;
				"CODE_SIGN_IDENTITY[sdk=iphoneos*]" = "iPhone Developer";
				COPY_PHASE_STRIP = YES;
				GCC_C_LANGUAGE_STANDARD = gnu99;
				GCC_WARN_ABOUT_RETURN_TYPE = YES;
				GCC_WARN_UNINITIALIZED_AUTOS = YES;
				GCC_WARN_UNUSED_VARIABLE = YES;
				IPHONEOS_DEPLOYMENT_TARGET = 6.0;
				OTHER_CFLAGS = "-DNS_BLOCK_ASSERTIONS=1";
				SDKROOT = iphoneos;
				VALIDATE_PRODUCT = YES;
			};
			name = Release;
		};
		9386E6FA1739D71400022419 /* Debug */ = {
			isa = XCBuildConfiguration;
			buildSettings = {
				GCC_PRECOMPILE_PREFIX_HEADER = YES;
				GCC_PREFIX_HEADER = "LocalNotification/LocalNotification-Prefix.pch";
				INFOPLIST_FILE = "LocalNotification/LocalNotification-Info.plist";
				PRODUCT_NAME = "$(TARGET_NAME)";
				WRAPPER_EXTENSION = app;
			};
			name = Debug;
		};
		9386E6FB1739D71400022419 /* Release */ = {
			isa = XCBuildConfiguration;
			buildSettings = {
				GCC_PRECOMPILE_PREFIX_HEADER = YES;
				GCC_PREFIX_HEADER = "LocalNotification/LocalNotification-Prefix.pch";
				INFOPLIST_FILE = "LocalNotification/LocalNotification-Info.plist";
				PRODUCT_NAME = "$(TARGET_NAME)";
				WRAPPER_EXTENSION = app;
			};
			name = Release;
		};
/* End XCBuildConfiguration section */

/* Begin XCConfigurationList section */
		9386E6CF1739D71300022419 /* Build configuration list for PBXProject "LocalNotification" */ = {
			isa = XCConfigurationList;
			buildConfigurations = (
				9386E6F71739D71400022419 /* Debug */,
				9386E6F81739D71400022419 /* Release */,
			);
			defaultConfigurationIsVisible = 0;
			defaultConfigurationName = Release;
		};
		9386E6F91739D71400022419 /* Build configuration list for PBXNativeTarget "LocalNotification" */ = {
			isa = XCConfigurationList;
			buildConfigurations = (
				9386E6FA1739D71400022419 /* Debug */,
				9386E6FB1739D71400022419 /* Release */,
			);
			defaultConfigurationIsVisible = 0;
		};
/* End XCConfigurationList section */
	};
	rootObject = 9386E6CC1739D71300022419 /* Project object */;
}
