// !$*UTF8*$!
{
	archiveVersion = 1;
	classes = {
	};
	objectVersion = 46;
	objects = {

/* Begin PBXBuildFile section */
		93EFF1961731E2D7002DAD82 /* UIKit.framework in Frameworks */ = {isa = PBXBuildFile; fileRef = 93EFF1951731E2D7002DAD82 /* UIKit.framework */; };
		93EFF1981731E2D7002DAD82 /* Foundation.framework in Frameworks */ = {isa = PBXBuildFile; fileRef = 93EFF1971731E2D7002DAD82 /* Foundation.framework */; };
		93EFF19A1731E2D7002DAD82 /* CoreGraphics.framework in Frameworks */ = {isa = PBXBuildFile; fileRef = 93EFF1991731E2D7002DAD82 /* CoreGraphics.framework */; };
		93EFF1A01731E2D7002DAD82 /* InfoPlist.strings in Resources */ = {isa = PBXBuildFile; fileRef = 93EFF19E1731E2D7002DAD82 /* InfoPlist.strings */; };
		93EFF1A21731E2D7002DAD82 /* main.m in Sources */ = {isa = PBXBuildFile; fileRef = 93EFF1A11731E2D7002DAD82 /* main.m */; };
		93EFF1A61731E2D8002DAD82 /* AppDelegate.m in Sources */ = {isa = PBXBuildFile; fileRef = 93EFF1A51731E2D8002DAD82 /* AppDelegate.m */; };
		93EFF1A81731E2D8002DAD82 /* Default.png in Resources */ = {isa = PBXBuildFile; fileRef = 93EFF1A71731E2D8002DAD82 /* Default.png */; };
		93EFF1AA1731E2D8002DAD82 /* Default@2x.png in Resources */ = {isa = PBXBuildFile; fileRef = 93EFF1A91731E2D8002DAD82 /* Default@2x.png */; };
		93EFF1AC1731E2D8002DAD82 /* Default-568h@2x.png in Resources */ = {isa = PBXBuildFile; fileRef = 93EFF1AB1731E2D8002DAD82 /* Default-568h@2x.png */; };
		93EFF1AF1731E2D8002DAD82 /* MainStoryboard.storyboard in Resources */ = {isa = PBXBuildFile; fileRef = 93EFF1AD1731E2D8002DAD82 /* MainStoryboard.storyboard */; };
		93EFF1B21731E2D8002DAD82 /* ViewController.m in Sources */ = {isa = PBXBuildFile; fileRef = 93EFF1B11731E2D8002DAD82 /* ViewController.m */; };
		93EFF1B91731E31F002DAD82 /* CoreLocation.framework in Frameworks */ = {isa = PBXBuildFile; fileRef = 93EFF1B81731E31F002DAD82 /* CoreLocation.framework */; };
/* End PBXBuildFile section */

/* Begin PBXFileReference section */
		93EFF1911731E2D7002DAD82 /* CoreLocation3.app */ = {isa = PBXFileReference; explicitFileType = wrapper.application; includeInIndex = 0; path = CoreLocation3.app; sourceTree = BUILT_PRODUCTS_DIR; };
		93EFF1951731E2D7002DAD82 /* UIKit.framework */ = {isa = PBXFileReference; lastKnownFileType = wrapper.framework; name = UIKit.framework; path = System/Library/Frameworks/UIKit.framework; sourceTree = SDKROOT; };
		93EFF1971731E2D7002DAD82 /* Foundation.framework */ = {isa = PBXFileReference; lastKnownFileType = wrapper.framework; name = Foundation.framework; path = System/Library/Frameworks/Foundation.framework; sourceTree = SDKROOT; };
		93EFF1991731E2D7002DAD82 /* CoreGraphics.framework */ = {isa = PBXFileReference; lastKnownFileType = wrapper.framework; name = CoreGraphics.framework; path = System/Library/Frameworks/CoreGraphics.framework; sourceTree = SDKROOT; };
		93EFF19D1731E2D7002DAD82 /* CoreLocation3-Info.plist */ = {isa = PBXFileReference; lastKnownFileType = text.plist.xml; path = "CoreLocation3-Info.plist"; sourceTree = "<group>"; };
		93EFF19F1731E2D7002DAD82 /* en */ = {isa = PBXFileReference; lastKnownFileType = text.plist.strings; name = en; path = en.lproj/InfoPlist.strings; sourceTree = "<group>"; };
		93EFF1A11731E2D7002DAD82 /* main.m */ = {isa = PBXFileReference; lastKnownFileType = sourcecode.c.objc; path = main.m; sourceTree = "<group>"; };
		93EFF1A31731E2D8002DAD82 /* CoreLocation3-Prefix.pch */ = {isa = PBXFileReference; lastKnownFileType = sourcecode.c.h; path = "CoreLocation3-Prefix.pch"; sourceTree = "<group>"; };
		93EFF1A41731E2D8002DAD82 /* AppDelegate.h */ = {isa = PBXFileReference; lastKnownFileType = sourcecode.c.h; path = AppDelegate.h; sourceTree = "<group>"; };
		93EFF1A51731E2D8002DAD82 /* AppDelegate.m */ = {isa = PBXFileReference; lastKnownFileType = sourcecode.c.objc; path = AppDelegate.m; sourceTree = "<group>"; };
		93EFF1A71731E2D8002DAD82 /* Default.png */ = {isa = PBXFileReference; lastKnownFileType = image.png; path = Default.png; sourceTree = "<group>"; };
		93EFF1A91731E2D8002DAD82 /* Default@2x.png */ = {isa = PBXFileReference; lastKnownFileType = image.png; path = "Default@2x.png"; sourceTree = "<group>"; };
		93EFF1AB1731E2D8002DAD82 /* Default-568h@2x.png */ = {isa = PBXFileReference; lastKnownFileType = image.png; path = "Default-568h@2x.png"; sourceTree = "<group>"; };
		93EFF1AE1731E2D8002DAD82 /* en */ = {isa = PBXFileReference; lastKnownFileType = file.storyboard; name = en; path = en.lproj/MainStoryboard.storyboard; sourceTree = "<group>"; };
		93EFF1B01731E2D8002DAD82 /* ViewController.h */ = {isa = PBXFileReference; lastKnownFileType = sourcecode.c.h; path = ViewController.h; sourceTree = "<group>"; };
		93EFF1B11731E2D8002DAD82 /* ViewController.m */ = {isa = PBXFileReference; lastKnownFileType = sourcecode.c.objc; path = ViewController.m; sourceTree = "<group>"; };
		93EFF1B81731E31F002DAD82 /* CoreLocation.framework */ = {isa = PBXFileReference; lastKnownFileType = wrapper.framework; name = CoreLocation.framework; path = System/Library/Frameworks/CoreLocation.framework; sourceTree = SDKROOT; };
/* End PBXFileReference section */

/* Begin PBXFrameworksBuildPhase section */
		93EFF18E1731E2D7002DAD82 /* Frameworks */ = {
			isa = PBXFrameworksBuildPhase;
			buildActionMask = 2147483647;
			files = (
				93EFF1B91731E31F002DAD82 /* CoreLocation.framework in Frameworks */,
				93EFF1961731E2D7002DAD82 /* UIKit.framework in Frameworks */,
				93EFF1981731E2D7002DAD82 /* Foundation.framework in Frameworks */,
				93EFF19A1731E2D7002DAD82 /* CoreGraphics.framework in Frameworks */,
			);
			runOnlyForDeploymentPostprocessing = 0;
		};
/* End PBXFrameworksBuildPhase section */

/* Begin PBXGroup section */
		93EFF1861731E2D7002DAD82 = {
			isa = PBXGroup;
			children = (
				93EFF19B1731E2D7002DAD82 /* CoreLocation3 */,
				93EFF1941731E2D7002DAD82 /* Frameworks */,
				93EFF1921731E2D7002DAD82 /* Products */,
			);
			sourceTree = "<group>";
		};
		93EFF1921731E2D7002DAD82 /* Products */ = {
			isa = PBXGroup;
			children = (
				93EFF1911731E2D7002DAD82 /* CoreLocation3.app */,
			);
			name = Products;
			sourceTree = "<group>";
		};
		93EFF1941731E2D7002DAD82 /* Frameworks */ = {
			isa = PBXGroup;
			children = (
				93EFF1951731E2D7002DAD82 /* UIKit.framework */,
				93EFF1971731E2D7002DAD82 /* Foundation.framework */,
				93EFF1991731E2D7002DAD82 /* CoreGraphics.framework */,
			);
			name = Frameworks;
			sourceTree = "<group>";
		};
		93EFF19B1731E2D7002DAD82 /* CoreLocation3 */ = {
			isa = PBXGroup;
			children = (
				93EFF1A41731E2D8002DAD82 /* AppDelegate.h */,
				93EFF1A51731E2D8002DAD82 /* AppDelegate.m */,
				93EFF1AD1731E2D8002DAD82 /* MainStoryboard.storyboard */,
				93EFF1B01731E2D8002DAD82 /* ViewController.h */,
				93EFF1B11731E2D8002DAD82 /* ViewController.m */,
				93EFF19C1731E2D7002DAD82 /* Supporting Files */,
			);
			path = CoreLocation3;
			sourceTree = "<group>";
		};
		93EFF19C1731E2D7002DAD82 /* Supporting Files */ = {
			isa = PBXGroup;
			children = (
				93EFF1B81731E31F002DAD82 /* CoreLocation.framework */,
				93EFF19D1731E2D7002DAD82 /* CoreLocation3-Info.plist */,
				93EFF19E1731E2D7002DAD82 /* InfoPlist.strings */,
				93EFF1A11731E2D7002DAD82 /* main.m */,
				93EFF1A31731E2D8002DAD82 /* CoreLocation3-Prefix.pch */,
				93EFF1A71731E2D8002DAD82 /* Default.png */,
				93EFF1A91731E2D8002DAD82 /* Default@2x.png */,
				93EFF1AB1731E2D8002DAD82 /* Default-568h@2x.png */,
			);
			name = "Supporting Files";
			sourceTree = "<group>";
		};
/* End PBXGroup section */

/* Begin PBXNativeTarget section */
		93EFF1901731E2D7002DAD82 /* CoreLocation3 */ = {
			isa = PBXNativeTarget;
			buildConfigurationList = 93EFF1B51731E2D8002DAD82 /* Build configuration list for PBXNativeTarget "CoreLocation3" */;
			buildPhases = (
				93EFF18D1731E2D7002DAD82 /* Sources */,
				93EFF18E1731E2D7002DAD82 /* Frameworks */,
				93EFF18F1731E2D7002DAD82 /* Resources */,
			);
			buildRules = (
			);
			dependencies = (
			);
			name = CoreLocation3;
			productName = CoreLocation3;
			productReference = 93EFF1911731E2D7002DAD82 /* CoreLocation3.app */;
			productType = "com.apple.product-type.application";
		};
/* End PBXNativeTarget section */

/* Begin PBXProject section */
		93EFF1881731E2D7002DAD82 /* Project object */ = {
			isa = PBXProject;
			attributes = {
				LastUpgradeCheck = 0450;
				ORGANIZATIONNAME = Educacion;
			};
			buildConfigurationList = 93EFF18B1731E2D7002DAD82 /* Build configuration list for PBXProject "CoreLocation3" */;
			compatibilityVersion = "Xcode 3.2";
			developmentRegion = English;
			hasScannedForEncodings = 0;
			knownRegions = (
				en,
			);
			mainGroup = 93EFF1861731E2D7002DAD82;
			productRefGroup = 93EFF1921731E2D7002DAD82 /* Products */;
			projectDirPath = "";
			projectRoot = "";
			targets = (
				93EFF1901731E2D7002DAD82 /* CoreLocation3 */,
			);
		};
/* End PBXProject section */

/* Begin PBXResourcesBuildPhase section */
		93EFF18F1731E2D7002DAD82 /* Resources */ = {
			isa = PBXResourcesBuildPhase;
			buildActionMask = 2147483647;
			files = (
				93EFF1A01731E2D7002DAD82 /* InfoPlist.strings in Resources */,
				93EFF1A81731E2D8002DAD82 /* Default.png in Resources */,
				93EFF1AA1731E2D8002DAD82 /* Default@2x.png in Resources */,
				93EFF1AC1731E2D8002DAD82 /* Default-568h@2x.png in Resources */,
				93EFF1AF1731E2D8002DAD82 /* MainStoryboard.storyboard in Resources */,
			);
			runOnlyForDeploymentPostprocessing = 0;
		};
/* End PBXResourcesBuildPhase section */

/* Begin PBXSourcesBuildPhase section */
		93EFF18D1731E2D7002DAD82 /* Sources */ = {
			isa = PBXSourcesBuildPhase;
			buildActionMask = 2147483647;
			files = (
				93EFF1A21731E2D7002DAD82 /* main.m in Sources */,
				93EFF1A61731E2D8002DAD82 /* AppDelegate.m in Sources */,
				93EFF1B21731E2D8002DAD82 /* ViewController.m in Sources */,
			);
			runOnlyForDeploymentPostprocessing = 0;
		};
/* End PBXSourcesBuildPhase section */

/* Begin PBXVariantGroup section */
		93EFF19E1731E2D7002DAD82 /* InfoPlist.strings */ = {
			isa = PBXVariantGroup;
			children = (
				93EFF19F1731E2D7002DAD82 /* en */,
			);
			name = InfoPlist.strings;
			sourceTree = "<group>";
		};
		93EFF1AD1731E2D8002DAD82 /* MainStoryboard.storyboard */ = {
			isa = PBXVariantGroup;
			children = (
				93EFF1AE1731E2D8002DAD82 /* en */,
			);
			name = MainStoryboard.storyboard;
			sourceTree = "<group>";
		};
/* End PBXVariantGroup section */

/* Begin XCBuildConfiguration section */
		93EFF1B31731E2D8002DAD82 /* Debug */ = {
			isa = XCBuildConfiguration;
			buildSettings = {
				ALWAYS_SEARCH_USER_PATHS = NO;
				CLANG_CXX_LANGUAGE_STANDARD = "gnu++0x";
				CLANG_CXX_LIBRARY = "libc++";
				CLANG_ENABLE_OBJC_ARC = YES;
				CLANG_WARN_EMPTY_BODY = YES;
				CLANG_WARN__DUPLICATE_METHOD_MATCH = YES;
				"CODE_SIGN_IDENTITY[sdk=iphoneos*]" = "iPhone Developer";
				COPY_PHASE_STRIP = NO;
				GCC_C_LANGUAGE_STANDARD = gnu99;
				GCC_DYNAMIC_NO_PIC = NO;
				GCC_OPTIMIZATION_LEVEL = 0;
				GCC_PREPROCESSOR_DEFINITIONS = (
					"DEBUG=1",
					"$(inherited)",
				);
				GCC_SYMBOLS_PRIVATE_EXTERN = NO;
				GCC_WARN_ABOUT_RETURN_TYPE = YES;
				GCC_WARN_UNINITIALIZED_AUTOS = YES;
				GCC_WARN_UNUSED_VARIABLE = YES;
				IPHONEOS_DEPLOYMENT_TARGET = 6.0;
				SDKROOT = iphoneos;
			};
			name = Debug;
		};
		93EFF1B41731E2D8002DAD82 /* Release */ = {
			isa = XCBuildConfiguration;
			buildSettings = {
				ALWAYS_SEARCH_USER_PATHS = NO;
				CLANG_CXX_LANGUAGE_STANDARD = "gnu++0x";
				CLANG_CXX_LIBRARY = "libc++";
				CLANG_ENABLE_OBJC_ARC = YES;
				CLANG_WARN_EMPTY_BODY = YES;
				CLANG_WARN__DUPLICATE_METHOD_MATCH = YES;
				"CODE_SIGN_IDENTITY[sdk=iphoneos*]" = "iPhone Developer";
				COPY_PHASE_STRIP = YES;
				GCC_C_LANGUAGE_STANDARD = gnu99;
				GCC_WARN_ABOUT_RETURN_TYPE = YES;
				GCC_WARN_UNINITIALIZED_AUTOS = YES;
				GCC_WARN_UNUSED_VARIABLE = YES;
				IPHONEOS_DEPLOYMENT_TARGET = 6.0;
				OTHER_CFLAGS = "-DNS_BLOCK_ASSERTIONS=1";
				SDKROOT = iphoneos;
				VALIDATE_PRODUCT = YES;
			};
			name = Release;
		};
		93EFF1B61731E2D8002DAD82 /* Debug */ = {
			isa = XCBuildConfiguration;
			buildSettings = {
				GCC_PRECOMPILE_PREFIX_HEADER = YES;
				GCC_PREFIX_HEADER = "CoreLocation3/CoreLocation3-Prefix.pch";
				INFOPLIST_FILE = "CoreLocation3/CoreLocation3-Info.plist";
				PRODUCT_NAME = "$(TARGET_NAME)";
				WRAPPER_EXTENSION = app;
			};
			name = Debug;
		};
		93EFF1B71731E2D8002DAD82 /* Release */ = {
			isa = XCBuildConfiguration;
			buildSettings = {
				GCC_PRECOMPILE_PREFIX_HEADER = YES;
				GCC_PREFIX_HEADER = "CoreLocation3/CoreLocation3-Prefix.pch";
				INFOPLIST_FILE = "CoreLocation3/CoreLocation3-Info.plist";
				PRODUCT_NAME = "$(TARGET_NAME)";
				WRAPPER_EXTENSION = app;
			};
			name = Release;
		};
/* End XCBuildConfiguration section */

/* Begin XCConfigurationList section */
		93EFF18B1731E2D7002DAD82 /* Build configuration list for PBXProject "CoreLocation3" */ = {
			isa = XCConfigurationList;
			buildConfigurations = (
				93EFF1B31731E2D8002DAD82 /* Debug */,
				93EFF1B41731E2D8002DAD82 /* Release */,
			);
			defaultConfigurationIsVisible = 0;
			defaultConfigurationName = Release;
		};
		93EFF1B51731E2D8002DAD82 /* Build configuration list for PBXNativeTarget "CoreLocation3" */ = {
			isa = XCConfigurationList;
			buildConfigurations = (
				93EFF1B61731E2D8002DAD82 /* Debug */,
				93EFF1B71731E2D8002DAD82 /* Release */,
			);
			defaultConfigurationIsVisible = 0;
		};
/* End XCConfigurationList section */
	};
	rootObject = 93EFF1881731E2D7002DAD82 /* Project object */;
}
