// !$*UTF8*$!
{
	archiveVersion = 1;
	classes = {
	};
	objectVersion = 46;
	objects = {

/* Begin PBXBuildFile section */
		934E1CF9173328BC007E5AA3 /* UIKit.framework in Frameworks */ = {isa = PBXBuildFile; fileRef = 934E1CF8173328BC007E5AA3 /* UIKit.framework */; };
		934E1CFB173328BC007E5AA3 /* Foundation.framework in Frameworks */ = {isa = PBXBuildFile; fileRef = 934E1CFA173328BC007E5AA3 /* Foundation.framework */; };
		934E1CFD173328BC007E5AA3 /* CoreGraphics.framework in Frameworks */ = {isa = PBXBuildFile; fileRef = 934E1CFC173328BC007E5AA3 /* CoreGraphics.framework */; };
		934E1D03173328BC007E5AA3 /* InfoPlist.strings in Resources */ = {isa = PBXBuildFile; fileRef = 934E1D01173328BC007E5AA3 /* InfoPlist.strings */; };
		934E1D05173328BC007E5AA3 /* main.m in Sources */ = {isa = PBXBuildFile; fileRef = 934E1D04173328BC007E5AA3 /* main.m */; };
		934E1D09173328BC007E5AA3 /* AppDelegate.m in Sources */ = {isa = PBXBuildFile; fileRef = 934E1D08173328BC007E5AA3 /* AppDelegate.m */; };
		934E1D0B173328BC007E5AA3 /* Default.png in Resources */ = {isa = PBXBuildFile; fileRef = 934E1D0A173328BC007E5AA3 /* Default.png */; };
		934E1D0D173328BC007E5AA3 /* Default@2x.png in Resources */ = {isa = PBXBuildFile; fileRef = 934E1D0C173328BC007E5AA3 /* Default@2x.png */; };
		934E1D0F173328BC007E5AA3 /* Default-568h@2x.png in Resources */ = {isa = PBXBuildFile; fileRef = 934E1D0E173328BC007E5AA3 /* Default-568h@2x.png */; };
		934E1D12173328BC007E5AA3 /* MainStoryboard.storyboard in Resources */ = {isa = PBXBuildFile; fileRef = 934E1D10173328BC007E5AA3 /* MainStoryboard.storyboard */; };
		934E1D15173328BC007E5AA3 /* ViewController.m in Sources */ = {isa = PBXBuildFile; fileRef = 934E1D14173328BC007E5AA3 /* ViewController.m */; };
		934E1D1D17332929007E5AA3 /* AnotacionSimple.m in Sources */ = {isa = PBXBuildFile; fileRef = 934E1D1C17332929007E5AA3 /* AnotacionSimple.m */; };
		934E1D20173329C1007E5AA3 /* MapKit.framework in Frameworks */ = {isa = PBXBuildFile; fileRef = 934E1D1F173329C0007E5AA3 /* MapKit.framework */; };
/* End PBXBuildFile section */

/* Begin PBXFileReference section */
		934E1CF4173328BC007E5AA3 /* MapKit3.app */ = {isa = PBXFileReference; explicitFileType = wrapper.application; includeInIndex = 0; path = MapKit3.app; sourceTree = BUILT_PRODUCTS_DIR; };
		934E1CF8173328BC007E5AA3 /* UIKit.framework */ = {isa = PBXFileReference; lastKnownFileType = wrapper.framework; name = UIKit.framework; path = System/Library/Frameworks/UIKit.framework; sourceTree = SDKROOT; };
		934E1CFA173328BC007E5AA3 /* Foundation.framework */ = {isa = PBXFileReference; lastKnownFileType = wrapper.framework; name = Foundation.framework; path = System/Library/Frameworks/Foundation.framework; sourceTree = SDKROOT; };
		934E1CFC173328BC007E5AA3 /* CoreGraphics.framework */ = {isa = PBXFileReference; lastKnownFileType = wrapper.framework; name = CoreGraphics.framework; path = System/Library/Frameworks/CoreGraphics.framework; sourceTree = SDKROOT; };
		934E1D00173328BC007E5AA3 /* MapKit3-Info.plist */ = {isa = PBXFileReference; lastKnownFileType = text.plist.xml; path = "MapKit3-Info.plist"; sourceTree = "<group>"; };
		934E1D02173328BC007E5AA3 /* en */ = {isa = PBXFileReference; lastKnownFileType = text.plist.strings; name = en; path = en.lproj/InfoPlist.strings; sourceTree = "<group>"; };
		934E1D04173328BC007E5AA3 /* main.m */ = {isa = PBXFileReference; lastKnownFileType = sourcecode.c.objc; path = main.m; sourceTree = "<group>"; };
		934E1D06173328BC007E5AA3 /* MapKit3-Prefix.pch */ = {isa = PBXFileReference; lastKnownFileType = sourcecode.c.h; path = "MapKit3-Prefix.pch"; sourceTree = "<group>"; };
		934E1D07173328BC007E5AA3 /* AppDelegate.h */ = {isa = PBXFileReference; lastKnownFileType = sourcecode.c.h; path = AppDelegate.h; sourceTree = "<group>"; };
		934E1D08173328BC007E5AA3 /* AppDelegate.m */ = {isa = PBXFileReference; lastKnownFileType = sourcecode.c.objc; path = AppDelegate.m; sourceTree = "<group>"; };
		934E1D0A173328BC007E5AA3 /* Default.png */ = {isa = PBXFileReference; lastKnownFileType = image.png; path = Default.png; sourceTree = "<group>"; };
		934E1D0C173328BC007E5AA3 /* Default@2x.png */ = {isa = PBXFileReference; lastKnownFileType = image.png; path = "Default@2x.png"; sourceTree = "<group>"; };
		934E1D0E173328BC007E5AA3 /* Default-568h@2x.png */ = {isa = PBXFileReference; lastKnownFileType = image.png; path = "Default-568h@2x.png"; sourceTree = "<group>"; };
		934E1D11173328BC007E5AA3 /* en */ = {isa = PBXFileReference; lastKnownFileType = file.storyboard; name = en; path = en.lproj/MainStoryboard.storyboard; sourceTree = "<group>"; };
		934E1D13173328BC007E5AA3 /* ViewController.h */ = {isa = PBXFileReference; lastKnownFileType = sourcecode.c.h; path = ViewController.h; sourceTree = "<group>"; };
		934E1D14173328BC007E5AA3 /* ViewController.m */ = {isa = PBXFileReference; lastKnownFileType = sourcecode.c.objc; path = ViewController.m; sourceTree = "<group>"; };
		934E1D1B17332929007E5AA3 /* AnotacionSimple.h */ = {isa = PBXFileReference; fileEncoding = 4; lastKnownFileType = sourcecode.c.h; path = AnotacionSimple.h; sourceTree = "<group>"; };
		934E1D1C17332929007E5AA3 /* AnotacionSimple.m */ = {isa = PBXFileReference; fileEncoding = 4; lastKnownFileType = sourcecode.c.objc; path = AnotacionSimple.m; sourceTree = "<group>"; };
		934E1D1F173329C0007E5AA3 /* MapKit.framework */ = {isa = PBXFileReference; lastKnownFileType = wrapper.framework; name = MapKit.framework; path = System/Library/Frameworks/MapKit.framework; sourceTree = SDKROOT; };
/* End PBXFileReference section */

/* Begin PBXFrameworksBuildPhase section */
		934E1CF1173328BC007E5AA3 /* Frameworks */ = {
			isa = PBXFrameworksBuildPhase;
			buildActionMask = 2147483647;
			files = (
				934E1D20173329C1007E5AA3 /* MapKit.framework in Frameworks */,
				934E1CF9173328BC007E5AA3 /* UIKit.framework in Frameworks */,
				934E1CFB173328BC007E5AA3 /* Foundation.framework in Frameworks */,
				934E1CFD173328BC007E5AA3 /* CoreGraphics.framework in Frameworks */,
			);
			runOnlyForDeploymentPostprocessing = 0;
		};
/* End PBXFrameworksBuildPhase section */

/* Begin PBXGroup section */
		934E1CE9173328BC007E5AA3 = {
			isa = PBXGroup;
			children = (
				934E1CFE173328BC007E5AA3 /* MapKit3 */,
				934E1CF7173328BC007E5AA3 /* Frameworks */,
				934E1CF5173328BC007E5AA3 /* Products */,
			);
			sourceTree = "<group>";
		};
		934E1CF5173328BC007E5AA3 /* Products */ = {
			isa = PBXGroup;
			children = (
				934E1CF4173328BC007E5AA3 /* MapKit3.app */,
			);
			name = Products;
			sourceTree = "<group>";
		};
		934E1CF7173328BC007E5AA3 /* Frameworks */ = {
			isa = PBXGroup;
			children = (
				934E1D1F173329C0007E5AA3 /* MapKit.framework */,
				934E1CF8173328BC007E5AA3 /* UIKit.framework */,
				934E1CFA173328BC007E5AA3 /* Foundation.framework */,
				934E1CFC173328BC007E5AA3 /* CoreGraphics.framework */,
			);
			name = Frameworks;
			sourceTree = "<group>";
		};
		934E1CFE173328BC007E5AA3 /* MapKit3 */ = {
			isa = PBXGroup;
			children = (
				934E1D1E1733292C007E5AA3 /* anotaciones */,
				934E1D07173328BC007E5AA3 /* AppDelegate.h */,
				934E1D08173328BC007E5AA3 /* AppDelegate.m */,
				934E1D10173328BC007E5AA3 /* MainStoryboard.storyboard */,
				934E1D13173328BC007E5AA3 /* ViewController.h */,
				934E1D14173328BC007E5AA3 /* ViewController.m */,
				934E1CFF173328BC007E5AA3 /* Supporting Files */,
			);
			path = MapKit3;
			sourceTree = "<group>";
		};
		934E1CFF173328BC007E5AA3 /* Supporting Files */ = {
			isa = PBXGroup;
			children = (
				934E1D00173328BC007E5AA3 /* MapKit3-Info.plist */,
				934E1D01173328BC007E5AA3 /* InfoPlist.strings */,
				934E1D04173328BC007E5AA3 /* main.m */,
				934E1D06173328BC007E5AA3 /* MapKit3-Prefix.pch */,
				934E1D0A173328BC007E5AA3 /* Default.png */,
				934E1D0C173328BC007E5AA3 /* Default@2x.png */,
				934E1D0E173328BC007E5AA3 /* Default-568h@2x.png */,
			);
			name = "Supporting Files";
			sourceTree = "<group>";
		};
		934E1D1E1733292C007E5AA3 /* anotaciones */ = {
			isa = PBXGroup;
			children = (
				934E1D1B17332929007E5AA3 /* AnotacionSimple.h */,
				934E1D1C17332929007E5AA3 /* AnotacionSimple.m */,
			);
			name = anotaciones;
			sourceTree = "<group>";
		};
/* End PBXGroup section */

/* Begin PBXNativeTarget section */
		934E1CF3173328BC007E5AA3 /* MapKit3 */ = {
			isa = PBXNativeTarget;
			buildConfigurationList = 934E1D18173328BC007E5AA3 /* Build configuration list for PBXNativeTarget "MapKit3" */;
			buildPhases = (
				934E1CF0173328BC007E5AA3 /* Sources */,
				934E1CF1173328BC007E5AA3 /* Frameworks */,
				934E1CF2173328BC007E5AA3 /* Resources */,
			);
			buildRules = (
			);
			dependencies = (
			);
			name = MapKit3;
			productName = MapKit3;
			productReference = 934E1CF4173328BC007E5AA3 /* MapKit3.app */;
			productType = "com.apple.product-type.application";
		};
/* End PBXNativeTarget section */

/* Begin PBXProject section */
		934E1CEB173328BC007E5AA3 /* Project object */ = {
			isa = PBXProject;
			attributes = {
				LastUpgradeCheck = 0450;
				ORGANIZATIONNAME = Educacion;
			};
			buildConfigurationList = 934E1CEE173328BC007E5AA3 /* Build configuration list for PBXProject "MapKit3" */;
			compatibilityVersion = "Xcode 3.2";
			developmentRegion = English;
			hasScannedForEncodings = 0;
			knownRegions = (
				en,
			);
			mainGroup = 934E1CE9173328BC007E5AA3;
			productRefGroup = 934E1CF5173328BC007E5AA3 /* Products */;
			projectDirPath = "";
			projectRoot = "";
			targets = (
				934E1CF3173328BC007E5AA3 /* MapKit3 */,
			);
		};
/* End PBXProject section */

/* Begin PBXResourcesBuildPhase section */
		934E1CF2173328BC007E5AA3 /* Resources */ = {
			isa = PBXResourcesBuildPhase;
			buildActionMask = 2147483647;
			files = (
				934E1D03173328BC007E5AA3 /* InfoPlist.strings in Resources */,
				934E1D0B173328BC007E5AA3 /* Default.png in Resources */,
				934E1D0D173328BC007E5AA3 /* Default@2x.png in Resources */,
				934E1D0F173328BC007E5AA3 /* Default-568h@2x.png in Resources */,
				934E1D12173328BC007E5AA3 /* MainStoryboard.storyboard in Resources */,
			);
			runOnlyForDeploymentPostprocessing = 0;
		};
/* End PBXResourcesBuildPhase section */

/* Begin PBXSourcesBuildPhase section */
		934E1CF0173328BC007E5AA3 /* Sources */ = {
			isa = PBXSourcesBuildPhase;
			buildActionMask = 2147483647;
			files = (
				934E1D05173328BC007E5AA3 /* main.m in Sources */,
				934E1D09173328BC007E5AA3 /* AppDelegate.m in Sources */,
				934E1D15173328BC007E5AA3 /* ViewController.m in Sources */,
				934E1D1D17332929007E5AA3 /* AnotacionSimple.m in Sources */,
			);
			runOnlyForDeploymentPostprocessing = 0;
		};
/* End PBXSourcesBuildPhase section */

/* Begin PBXVariantGroup section */
		934E1D01173328BC007E5AA3 /* InfoPlist.strings */ = {
			isa = PBXVariantGroup;
			children = (
				934E1D02173328BC007E5AA3 /* en */,
			);
			name = InfoPlist.strings;
			sourceTree = "<group>";
		};
		934E1D10173328BC007E5AA3 /* MainStoryboard.storyboard */ = {
			isa = PBXVariantGroup;
			children = (
				934E1D11173328BC007E5AA3 /* en */,
			);
			name = MainStoryboard.storyboard;
			sourceTree = "<group>";
		};
/* End PBXVariantGroup section */

/* Begin XCBuildConfiguration section */
		934E1D16173328BC007E5AA3 /* Debug */ = {
			isa = XCBuildConfiguration;
			buildSettings = {
				ALWAYS_SEARCH_USER_PATHS = NO;
				CLANG_CXX_LANGUAGE_STANDARD = "gnu++0x";
				CLANG_CXX_LIBRARY = "libc++";
				CLANG_ENABLE_OBJC_ARC = YES;
				CLANG_WARN_EMPTY_BODY = YES;
				CLANG_WARN__DUPLICATE_METHOD_MATCH = YES;
				"CODE_SIGN_IDENTITY[sdk=iphoneos*]" = "iPhone Developer";
				COPY_PHASE_STRIP = NO;
				GCC_C_LANGUAGE_STANDARD = gnu99;
				GCC_DYNAMIC_NO_PIC = NO;
				GCC_OPTIMIZATION_LEVEL = 0;
				GCC_PREPROCESSOR_DEFINITIONS = (
					"DEBUG=1",
					"$(inherited)",
				);
				GCC_SYMBOLS_PRIVATE_EXTERN = NO;
				GCC_WARN_ABOUT_RETURN_TYPE = YES;
				GCC_WARN_UNINITIALIZED_AUTOS = YES;
				GCC_WARN_UNUSED_VARIABLE = YES;
				IPHONEOS_DEPLOYMENT_TARGET = 6.0;
				SDKROOT = iphoneos;
			};
			name = Debug;
		};
		934E1D17173328BC007E5AA3 /* Release */ = {
			isa = XCBuildConfiguration;
			buildSettings = {
				ALWAYS_SEARCH_USER_PATHS = NO;
				CLANG_CXX_LANGUAGE_STANDARD = "gnu++0x";
				CLANG_CXX_LIBRARY = "libc++";
				CLANG_ENABLE_OBJC_ARC = YES;
				CLANG_WARN_EMPTY_BODY = YES;
				CLANG_WARN__DUPLICATE_METHOD_MATCH = YES;
				"CODE_SIGN_IDENTITY[sdk=iphoneos*]" = "iPhone Developer";
				COPY_PHASE_STRIP = YES;
				GCC_C_LANGUAGE_STANDARD = gnu99;
				GCC_WARN_ABOUT_RETURN_TYPE = YES;
				GCC_WARN_UNINITIALIZED_AUTOS = YES;
				GCC_WARN_UNUSED_VARIABLE = YES;
				IPHONEOS_DEPLOYMENT_TARGET = 6.0;
				OTHER_CFLAGS = "-DNS_BLOCK_ASSERTIONS=1";
				SDKROOT = iphoneos;
				VALIDATE_PRODUCT = YES;
			};
			name = Release;
		};
		934E1D19173328BC007E5AA3 /* Debug */ = {
			isa = XCBuildConfiguration;
			buildSettings = {
				GCC_PRECOMPILE_PREFIX_HEADER = YES;
				GCC_PREFIX_HEADER = "MapKit3/MapKit3-Prefix.pch";
				INFOPLIST_FILE = "MapKit3/MapKit3-Info.plist";
				PRODUCT_NAME = "$(TARGET_NAME)";
				WRAPPER_EXTENSION = app;
			};
			name = Debug;
		};
		934E1D1A173328BC007E5AA3 /* Release */ = {
			isa = XCBuildConfiguration;
			buildSettings = {
				GCC_PRECOMPILE_PREFIX_HEADER = YES;
				GCC_PREFIX_HEADER = "MapKit3/MapKit3-Prefix.pch";
				INFOPLIST_FILE = "MapKit3/MapKit3-Info.plist";
				PRODUCT_NAME = "$(TARGET_NAME)";
				WRAPPER_EXTENSION = app;
			};
			name = Release;
		};
/* End XCBuildConfiguration section */

/* Begin XCConfigurationList section */
		934E1CEE173328BC007E5AA3 /* Build configuration list for PBXProject "MapKit3" */ = {
			isa = XCConfigurationList;
			buildConfigurations = (
				934E1D16173328BC007E5AA3 /* Debug */,
				934E1D17173328BC007E5AA3 /* Release */,
			);
			defaultConfigurationIsVisible = 0;
			defaultConfigurationName = Release;
		};
		934E1D18173328BC007E5AA3 /* Build configuration list for PBXNativeTarget "MapKit3" */ = {
			isa = XCConfigurationList;
			buildConfigurations = (
				934E1D19173328BC007E5AA3 /* Debug */,
				934E1D1A173328BC007E5AA3 /* Release */,
			);
			defaultConfigurationIsVisible = 0;
		};
/* End XCConfigurationList section */
	};
	rootObject = 934E1CEB173328BC007E5AA3 /* Project object */;
}
