// !$*UTF8*$!
{
	archiveVersion = 1;
	classes = {
	};
	objectVersion = 46;
	objects = {

/* Begin PBXBuildFile section */
		935635AA173AFE2600CD7EFC /* tick.aiff in Resources */ = {isa = PBXBuildFile; fileRef = 935635A9173AFE2600CD7EFC /* tick.aiff */; };
		935635AD173AFE3E00CD7EFC /* AudioToolbox.framework in Frameworks */ = {isa = PBXBuildFile; fileRef = 935635AC173AFE3E00CD7EFC /* AudioToolbox.framework */; };
		9386E77D173AE2AF00022419 /* UIKit.framework in Frameworks */ = {isa = PBXBuildFile; fileRef = 9386E77C173AE2AF00022419 /* UIKit.framework */; };
		9386E77F173AE2AF00022419 /* Foundation.framework in Frameworks */ = {isa = PBXBuildFile; fileRef = 9386E77E173AE2AF00022419 /* Foundation.framework */; };
		9386E781173AE2AF00022419 /* CoreGraphics.framework in Frameworks */ = {isa = PBXBuildFile; fileRef = 9386E780173AE2AF00022419 /* CoreGraphics.framework */; };
		9386E787173AE2AF00022419 /* InfoPlist.strings in Resources */ = {isa = PBXBuildFile; fileRef = 9386E785173AE2AF00022419 /* InfoPlist.strings */; };
		9386E789173AE2AF00022419 /* main.m in Sources */ = {isa = PBXBuildFile; fileRef = 9386E788173AE2AF00022419 /* main.m */; };
		9386E78D173AE2AF00022419 /* AppDelegate.m in Sources */ = {isa = PBXBuildFile; fileRef = 9386E78C173AE2AF00022419 /* AppDelegate.m */; };
		9386E78F173AE2AF00022419 /* Default.png in Resources */ = {isa = PBXBuildFile; fileRef = 9386E78E173AE2AF00022419 /* Default.png */; };
		9386E791173AE2B000022419 /* Default@2x.png in Resources */ = {isa = PBXBuildFile; fileRef = 9386E790173AE2B000022419 /* Default@2x.png */; };
		9386E793173AE2B000022419 /* Default-568h@2x.png in Resources */ = {isa = PBXBuildFile; fileRef = 9386E792173AE2B000022419 /* Default-568h@2x.png */; };
		9386E796173AE2B000022419 /* MainStoryboard.storyboard in Resources */ = {isa = PBXBuildFile; fileRef = 9386E794173AE2B000022419 /* MainStoryboard.storyboard */; };
		9386E799173AE2B000022419 /* ViewController.m in Sources */ = {isa = PBXBuildFile; fileRef = 9386E798173AE2B000022419 /* ViewController.m */; };
/* End PBXBuildFile section */

/* Begin PBXFileReference section */
		935635A9173AFE2600CD7EFC /* tick.aiff */ = {isa = PBXFileReference; lastKnownFileType = audio.aiff; path = tick.aiff; sourceTree = "<group>"; };
		935635AC173AFE3E00CD7EFC /* AudioToolbox.framework */ = {isa = PBXFileReference; lastKnownFileType = wrapper.framework; name = AudioToolbox.framework; path = System/Library/Frameworks/AudioToolbox.framework; sourceTree = SDKROOT; };
		9386E778173AE2AF00022419 /* PlaySound.app */ = {isa = PBXFileReference; explicitFileType = wrapper.application; includeInIndex = 0; path = PlaySound.app; sourceTree = BUILT_PRODUCTS_DIR; };
		9386E77C173AE2AF00022419 /* UIKit.framework */ = {isa = PBXFileReference; lastKnownFileType = wrapper.framework; name = UIKit.framework; path = System/Library/Frameworks/UIKit.framework; sourceTree = SDKROOT; };
		9386E77E173AE2AF00022419 /* Foundation.framework */ = {isa = PBXFileReference; lastKnownFileType = wrapper.framework; name = Foundation.framework; path = System/Library/Frameworks/Foundation.framework; sourceTree = SDKROOT; };
		9386E780173AE2AF00022419 /* CoreGraphics.framework */ = {isa = PBXFileReference; lastKnownFileType = wrapper.framework; name = CoreGraphics.framework; path = System/Library/Frameworks/CoreGraphics.framework; sourceTree = SDKROOT; };
		9386E784173AE2AF00022419 /* PlaySound-Info.plist */ = {isa = PBXFileReference; lastKnownFileType = text.plist.xml; path = "PlaySound-Info.plist"; sourceTree = "<group>"; };
		9386E786173AE2AF00022419 /* en */ = {isa = PBXFileReference; lastKnownFileType = text.plist.strings; name = en; path = en.lproj/InfoPlist.strings; sourceTree = "<group>"; };
		9386E788173AE2AF00022419 /* main.m */ = {isa = PBXFileReference; lastKnownFileType = sourcecode.c.objc; path = main.m; sourceTree = "<group>"; };
		9386E78A173AE2AF00022419 /* PlaySound-Prefix.pch */ = {isa = PBXFileReference; lastKnownFileType = sourcecode.c.h; path = "PlaySound-Prefix.pch"; sourceTree = "<group>"; };
		9386E78B173AE2AF00022419 /* AppDelegate.h */ = {isa = PBXFileReference; lastKnownFileType = sourcecode.c.h; path = AppDelegate.h; sourceTree = "<group>"; };
		9386E78C173AE2AF00022419 /* AppDelegate.m */ = {isa = PBXFileReference; lastKnownFileType = sourcecode.c.objc; path = AppDelegate.m; sourceTree = "<group>"; };
		9386E78E173AE2AF00022419 /* Default.png */ = {isa = PBXFileReference; lastKnownFileType = image.png; path = Default.png; sourceTree = "<group>"; };
		9386E790173AE2B000022419 /* Default@2x.png */ = {isa = PBXFileReference; lastKnownFileType = image.png; path = "Default@2x.png"; sourceTree = "<group>"; };
		9386E792173AE2B000022419 /* Default-568h@2x.png */ = {isa = PBXFileReference; lastKnownFileType = image.png; path = "Default-568h@2x.png"; sourceTree = "<group>"; };
		9386E795173AE2B000022419 /* en */ = {isa = PBXFileReference; lastKnownFileType = file.storyboard; name = en; path = en.lproj/MainStoryboard.storyboard; sourceTree = "<group>"; };
		9386E797173AE2B000022419 /* ViewController.h */ = {isa = PBXFileReference; lastKnownFileType = sourcecode.c.h; path = ViewController.h; sourceTree = "<group>"; };
		9386E798173AE2B000022419 /* ViewController.m */ = {isa = PBXFileReference; lastKnownFileType = sourcecode.c.objc; path = ViewController.m; sourceTree = "<group>"; };
/* End PBXFileReference section */

/* Begin PBXFrameworksBuildPhase section */
		9386E775173AE2AF00022419 /* Frameworks */ = {
			isa = PBXFrameworksBuildPhase;
			buildActionMask = 2147483647;
			files = (
				935635AD173AFE3E00CD7EFC /* AudioToolbox.framework in Frameworks */,
				9386E77D173AE2AF00022419 /* UIKit.framework in Frameworks */,
				9386E77F173AE2AF00022419 /* Foundation.framework in Frameworks */,
				9386E781173AE2AF00022419 /* CoreGraphics.framework in Frameworks */,
			);
			runOnlyForDeploymentPostprocessing = 0;
		};
/* End PBXFrameworksBuildPhase section */

/* Begin PBXGroup section */
		9386E76D173AE2AF00022419 = {
			isa = PBXGroup;
			children = (
				9386E782173AE2AF00022419 /* PlaySound */,
				9386E77B173AE2AF00022419 /* Frameworks */,
				9386E779173AE2AF00022419 /* Products */,
			);
			sourceTree = "<group>";
		};
		9386E779173AE2AF00022419 /* Products */ = {
			isa = PBXGroup;
			children = (
				9386E778173AE2AF00022419 /* PlaySound.app */,
			);
			name = Products;
			sourceTree = "<group>";
		};
		9386E77B173AE2AF00022419 /* Frameworks */ = {
			isa = PBXGroup;
			children = (
				935635AC173AFE3E00CD7EFC /* AudioToolbox.framework */,
				9386E77C173AE2AF00022419 /* UIKit.framework */,
				9386E77E173AE2AF00022419 /* Foundation.framework */,
				9386E780173AE2AF00022419 /* CoreGraphics.framework */,
			);
			name = Frameworks;
			sourceTree = "<group>";
		};
		9386E782173AE2AF00022419 /* PlaySound */ = {
			isa = PBXGroup;
			children = (
				9386E78B173AE2AF00022419 /* AppDelegate.h */,
				9386E78C173AE2AF00022419 /* AppDelegate.m */,
				9386E794173AE2B000022419 /* MainStoryboard.storyboard */,
				9386E797173AE2B000022419 /* ViewController.h */,
				9386E798173AE2B000022419 /* ViewController.m */,
				9386E783173AE2AF00022419 /* Supporting Files */,
			);
			path = PlaySound;
			sourceTree = "<group>";
		};
		9386E783173AE2AF00022419 /* Supporting Files */ = {
			isa = PBXGroup;
			children = (
				935635A9173AFE2600CD7EFC /* tick.aiff */,
				9386E784173AE2AF00022419 /* PlaySound-Info.plist */,
				9386E785173AE2AF00022419 /* InfoPlist.strings */,
				9386E788173AE2AF00022419 /* main.m */,
				9386E78A173AE2AF00022419 /* PlaySound-Prefix.pch */,
				9386E78E173AE2AF00022419 /* Default.png */,
				9386E790173AE2B000022419 /* Default@2x.png */,
				9386E792173AE2B000022419 /* Default-568h@2x.png */,
			);
			name = "Supporting Files";
			sourceTree = "<group>";
		};
/* End PBXGroup section */

/* Begin PBXNativeTarget section */
		9386E777173AE2AF00022419 /* PlaySound */ = {
			isa = PBXNativeTarget;
			buildConfigurationList = 9386E79C173AE2B000022419 /* Build configuration list for PBXNativeTarget "PlaySound" */;
			buildPhases = (
				9386E774173AE2AF00022419 /* Sources */,
				9386E775173AE2AF00022419 /* Frameworks */,
				9386E776173AE2AF00022419 /* Resources */,
			);
			buildRules = (
			);
			dependencies = (
			);
			name = PlaySound;
			productName = PlaySound;
			productReference = 9386E778173AE2AF00022419 /* PlaySound.app */;
			productType = "com.apple.product-type.application";
		};
/* End PBXNativeTarget section */

/* Begin PBXProject section */
		9386E76F173AE2AF00022419 /* Project object */ = {
			isa = PBXProject;
			attributes = {
				LastUpgradeCheck = 0450;
				ORGANIZATIONNAME = Educacion;
			};
			buildConfigurationList = 9386E772173AE2AF00022419 /* Build configuration list for PBXProject "PlaySound" */;
			compatibilityVersion = "Xcode 3.2";
			developmentRegion = English;
			hasScannedForEncodings = 0;
			knownRegions = (
				en,
			);
			mainGroup = 9386E76D173AE2AF00022419;
			productRefGroup = 9386E779173AE2AF00022419 /* Products */;
			projectDirPath = "";
			projectRoot = "";
			targets = (
				9386E777173AE2AF00022419 /* PlaySound */,
			);
		};
/* End PBXProject section */

/* Begin PBXResourcesBuildPhase section */
		9386E776173AE2AF00022419 /* Resources */ = {
			isa = PBXResourcesBuildPhase;
			buildActionMask = 2147483647;
			files = (
				9386E787173AE2AF00022419 /* InfoPlist.strings in Resources */,
				9386E78F173AE2AF00022419 /* Default.png in Resources */,
				9386E791173AE2B000022419 /* Default@2x.png in Resources */,
				9386E793173AE2B000022419 /* Default-568h@2x.png in Resources */,
				9386E796173AE2B000022419 /* MainStoryboard.storyboard in Resources */,
				935635AA173AFE2600CD7EFC /* tick.aiff in Resources */,
			);
			runOnlyForDeploymentPostprocessing = 0;
		};
/* End PBXResourcesBuildPhase section */

/* Begin PBXSourcesBuildPhase section */
		9386E774173AE2AF00022419 /* Sources */ = {
			isa = PBXSourcesBuildPhase;
			buildActionMask = 2147483647;
			files = (
				9386E789173AE2AF00022419 /* main.m in Sources */,
				9386E78D173AE2AF00022419 /* AppDelegate.m in Sources */,
				9386E799173AE2B000022419 /* ViewController.m in Sources */,
			);
			runOnlyForDeploymentPostprocessing = 0;
		};
/* End PBXSourcesBuildPhase section */

/* Begin PBXVariantGroup section */
		9386E785173AE2AF00022419 /* InfoPlist.strings */ = {
			isa = PBXVariantGroup;
			children = (
				9386E786173AE2AF00022419 /* en */,
			);
			name = InfoPlist.strings;
			sourceTree = "<group>";
		};
		9386E794173AE2B000022419 /* MainStoryboard.storyboard */ = {
			isa = PBXVariantGroup;
			children = (
				9386E795173AE2B000022419 /* en */,
			);
			name = MainStoryboard.storyboard;
			sourceTree = "<group>";
		};
/* End PBXVariantGroup section */

/* Begin XCBuildConfiguration section */
		9386E79A173AE2B000022419 /* Debug */ = {
			isa = XCBuildConfiguration;
			buildSettings = {
				ALWAYS_SEARCH_USER_PATHS = NO;
				CLANG_CXX_LANGUAGE_STANDARD = "gnu++0x";
				CLANG_CXX_LIBRARY = "libc++";
				CLANG_ENABLE_OBJC_ARC = YES;
				CLANG_WARN_EMPTY_BODY = YES;
				CLANG_WARN__DUPLICATE_METHOD_MATCH = YES;
				"CODE_SIGN_IDENTITY[sdk=iphoneos*]" = "iPhone Developer";
				COPY_PHASE_STRIP = NO;
				GCC_C_LANGUAGE_STANDARD = gnu99;
				GCC_DYNAMIC_NO_PIC = NO;
				GCC_OPTIMIZATION_LEVEL = 0;
				GCC_PREPROCESSOR_DEFINITIONS = (
					"DEBUG=1",
					"$(inherited)",
				);
				GCC_SYMBOLS_PRIVATE_EXTERN = NO;
				GCC_WARN_ABOUT_RETURN_TYPE = YES;
				GCC_WARN_UNINITIALIZED_AUTOS = YES;
				GCC_WARN_UNUSED_VARIABLE = YES;
				IPHONEOS_DEPLOYMENT_TARGET = 6.0;
				SDKROOT = iphoneos;
			};
			name = Debug;
		};
		9386E79B173AE2B000022419 /* Release */ = {
			isa = XCBuildConfiguration;
			buildSettings = {
				ALWAYS_SEARCH_USER_PATHS = NO;
				CLANG_CXX_LANGUAGE_STANDARD = "gnu++0x";
				CLANG_CXX_LIBRARY = "libc++";
				CLANG_ENABLE_OBJC_ARC = YES;
				CLANG_WARN_EMPTY_BODY = YES;
				CLANG_WARN__DUPLICATE_METHOD_MATCH = YES;
				"CODE_SIGN_IDENTITY[sdk=iphoneos*]" = "iPhone Developer";
				COPY_PHASE_STRIP = YES;
				GCC_C_LANGUAGE_STANDARD = gnu99;
				GCC_WARN_ABOUT_RETURN_TYPE = YES;
				GCC_WARN_UNINITIALIZED_AUTOS = YES;
				GCC_WARN_UNUSED_VARIABLE = YES;
				IPHONEOS_DEPLOYMENT_TARGET = 6.0;
				OTHER_CFLAGS = "-DNS_BLOCK_ASSERTIONS=1";
				SDKROOT = iphoneos;
				VALIDATE_PRODUCT = YES;
			};
			name = Release;
		};
		9386E79D173AE2B000022419 /* Debug */ = {
			isa = XCBuildConfiguration;
			buildSettings = {
				GCC_PRECOMPILE_PREFIX_HEADER = YES;
				GCC_PREFIX_HEADER = "PlaySound/PlaySound-Prefix.pch";
				INFOPLIST_FILE = "PlaySound/PlaySound-Info.plist";
				PRODUCT_NAME = "$(TARGET_NAME)";
				WRAPPER_EXTENSION = app;
			};
			name = Debug;
		};
		9386E79E173AE2B000022419 /* Release */ = {
			isa = XCBuildConfiguration;
			buildSettings = {
				GCC_PRECOMPILE_PREFIX_HEADER = YES;
				GCC_PREFIX_HEADER = "PlaySound/PlaySound-Prefix.pch";
				INFOPLIST_FILE = "PlaySound/PlaySound-Info.plist";
				PRODUCT_NAME = "$(TARGET_NAME)";
				WRAPPER_EXTENSION = app;
			};
			name = Release;
		};
/* End XCBuildConfiguration section */

/* Begin XCConfigurationList section */
		9386E772173AE2AF00022419 /* Build configuration list for PBXProject "PlaySound" */ = {
			isa = XCConfigurationList;
			buildConfigurations = (
				9386E79A173AE2B000022419 /* Debug */,
				9386E79B173AE2B000022419 /* Release */,
			);
			defaultConfigurationIsVisible = 0;
			defaultConfigurationName = Release;
		};
		9386E79C173AE2B000022419 /* Build configuration list for PBXNativeTarget "PlaySound" */ = {
			isa = XCConfigurationList;
			buildConfigurations = (
				9386E79D173AE2B000022419 /* Debug */,
				9386E79E173AE2B000022419 /* Release */,
			);
			defaultConfigurationIsVisible = 0;
			defaultConfigurationName = Release;
		};
/* End XCConfigurationList section */
	};
	rootObject = 9386E76F173AE2AF00022419 /* Project object */;
}
